lockfile_version: '1'
generated_at: '2026-07-12T16:13:04.950701+00:00'
apm_version: 0.25.0
dependencies:
- repo_url: _local/open-knowledge-format
  name: open-knowledge-format
  version: 0.1.0
  package_type: apm_package
  deployed_files:
  - .agents/skills/okf-bundle-create
  - .agents/skills/okf-bundle-create/SKILL.md
  - .agents/skills/okf-bundle-validate
  - .agents/skills/okf-bundle-validate/SKILL.md
  - .agents/skills/okf-bundle-validate/okf_validator.py
  - .agents/skills/okf-import
  - .agents/skills/okf-import/SKILL.md
  - .claude/skills/okf-bundle-create
  - .claude/skills/okf-bundle-create/SKILL.md
  - .claude/skills/okf-bundle-validate
  - .claude/skills/okf-bundle-validate/SKILL.md
  - .claude/skills/okf-bundle-validate/okf_validator.py
  - .claude/skills/okf-import
  - .claude/skills/okf-import/SKILL.md
  deployed_file_hashes:
    .agents/skills/okf-bundle-create/SKILL.md: sha256:2d36082526d70abcf74687cebcc2edcf493be3b4fa9d5ee539ada07a85099f26
    .agents/skills/okf-bundle-validate/SKILL.md: sha256:d901db825857529906a0e9701bf9afb0dc14b796b5f70860233658fc3c5905dc
    .agents/skills/okf-bundle-validate/okf_validator.py: sha256:574a0c5018a02c8f27253e65bdc14bec5bcc816ac5b6e8e7188386fd41425238
    .agents/skills/okf-import/SKILL.md: sha256:6216ee4e2c78893c1580fae80268602b05b01caefd8194f68953a4d361808d60
    .claude/skills/okf-bundle-create/SKILL.md: sha256:2d36082526d70abcf74687cebcc2edcf493be3b4fa9d5ee539ada07a85099f26
    .claude/skills/okf-bundle-validate/SKILL.md: sha256:d901db825857529906a0e9701bf9afb0dc14b796b5f70860233658fc3c5905dc
    .claude/skills/okf-bundle-validate/okf_validator.py: sha256:574a0c5018a02c8f27253e65bdc14bec5bcc816ac5b6e8e7188386fd41425238
    .claude/skills/okf-import/SKILL.md: sha256:6216ee4e2c78893c1580fae80268602b05b01caefd8194f68953a4d361808d60
  source: local
  local_path: ../open-knowledge-format
deployments:
- kind: project-relative
  target: agents
  value: .agents/skills/kw-wiki-archive
  runtime: null
  scope: project
  owners:
  - .
  active_owner: .
  content_hash: null
- kind: project-relative
  target: agents
  value: .agents/skills/kw-wiki-archive/SKILL.md
  runtime: null
  scope: project
  owners:
  - .
  active_owner: .
  content_hash: sha256:761164e2a76e9120c72d3568dcf819fd6f834bcaa6c87a29daa3ce1f7aba76f8
- kind: project-relative
  target: agents
  value: .agents/skills/kw-wiki-index
  runtime: null
  scope: project
  owners:
  - .
  active_owner: .
  content_hash: null
- kind: project-relative
  target: agents
  value: .agents/skills/kw-wiki-index/SKILL.md
  runtime: null
  scope: project
  owners:
  - .
  active_owner: .
  content_hash: sha256:091efd6121ed88ea5569c2e38f7fb5470f74f1fb8a871993b82ce525f93b5df2
- kind: project-relative
  target: agents
  value: .agents/skills/kw-wiki-ingest
  runtime: null
  scope: project
  owners:
  - .
  active_owner: .
  content_hash: null
- kind: project-relative
  target: agents
  value: .agents/skills/kw-wiki-ingest/SKILL.md
  runtime: null
  scope: project
  owners:
  - .
  active_owner: .
  content_hash: sha256:7b830fbb92a6d662d4b1f65aee053002f6afb1819b8b035e371cfbbf3293c8a0
- kind: project-relative
  target: agents
  value: .agents/skills/kw-wiki-init
  runtime: null
  scope: project
  owners:
  - .
  active_owner: .
  content_hash: null
- kind: project-relative
  target: agents
  value: .agents/skills/kw-wiki-init/SKILL.md
  runtime: null
  scope: project
  owners:
  - .
  active_owner: .
  content_hash: sha256:14f6408bada50ce16203b58c6a546fdfad78d93c246d3719648feb81639807a4
- kind: project-relative
  target: agents
  value: .agents/skills/kw-wiki-lint
  runtime: null
  scope: project
  owners:
  - .
  active_owner: .
  content_hash: null
- kind: project-relative
  target: agents
  value: .agents/skills/kw-wiki-lint/SKILL.md
  runtime: null
  scope: project
  owners:
  - .
  active_owner: .
  content_hash: sha256:4f21164a0eee338f77622d869e5d2018b1a297db7b6c75cff4e512e14cf7ce86
- kind: project-relative
  target: agents
  value: .agents/skills/kw-wiki-log
  runtime: null
  scope: project
  owners:
  - .
  active_owner: .
  content_hash: null
- kind: project-relative
  target: agents
  value: .agents/skills/kw-wiki-log/SKILL.md
  runtime: null
  scope: project
  owners:
  - .
  active_owner: .
  content_hash: sha256:92672978fb7a84392b30255158f875cdd43fb8b97bbd160f7867eb15bc79729c
- kind: project-relative
  target: agents
  value: .agents/skills/kw-wiki-query
  runtime: null
  scope: project
  owners:
  - .
  active_owner: .
  content_hash: null
- kind: project-relative
  target: agents
  value: .agents/skills/kw-wiki-query/SKILL.md
  runtime: null
  scope: project
  owners:
  - .
  active_owner: .
  content_hash: sha256:9bbf54830e9da26f714d97785852ea4803b56330070b4a6247b71d6a03913325
- kind: project-relative
  target: agents
  value: .agents/skills/okf-bundle-create
  runtime: null
  scope: project
  owners:
  - ../open-knowledge-format
  active_owner: ../open-knowledge-format
  content_hash: null
- kind: project-relative
  target: agents
  value: .agents/skills/okf-bundle-create/SKILL.md
  runtime: null
  scope: project
  owners:
  - ../open-knowledge-format
  active_owner: ../open-knowledge-format
  content_hash: sha256:2d36082526d70abcf74687cebcc2edcf493be3b4fa9d5ee539ada07a85099f26
- kind: project-relative
  target: agents
  value: .agents/skills/okf-bundle-validate
  runtime: null
  scope: project
  owners:
  - ../open-knowledge-format
  active_owner: ../open-knowledge-format
  content_hash: null
- kind: project-relative
  target: agents
  value: .agents/skills/okf-bundle-validate/SKILL.md
  runtime: null
  scope: project
  owners:
  - ../open-knowledge-format
  active_owner: ../open-knowledge-format
  content_hash: sha256:d901db825857529906a0e9701bf9afb0dc14b796b5f70860233658fc3c5905dc
- kind: project-relative
  target: agents
  value: .agents/skills/okf-bundle-validate/okf_validator.py
  runtime: null
  scope: project
  owners:
  - ../open-knowledge-format
  active_owner: ../open-knowledge-format
  content_hash: sha256:574a0c5018a02c8f27253e65bdc14bec5bcc816ac5b6e8e7188386fd41425238
- kind: project-relative
  target: agents
  value: .agents/skills/okf-import
  runtime: null
  scope: project
  owners:
  - ../open-knowledge-format
  active_owner: ../open-knowledge-format
  content_hash: null
- kind: project-relative
  target: agents
  value: .agents/skills/okf-import/SKILL.md
  runtime: null
  scope: project
  owners:
  - ../open-knowledge-format
  active_owner: ../open-knowledge-format
  content_hash: sha256:6216ee4e2c78893c1580fae80268602b05b01caefd8194f68953a4d361808d60
- kind: project-relative
  target: claude
  value: .claude/skills/kw-wiki-archive
  runtime: null
  scope: project
  owners:
  - .
  active_owner: .
  content_hash: null
- kind: project-relative
  target: claude
  value: .claude/skills/kw-wiki-archive/SKILL.md
  runtime: null
  scope: project
  owners:
  - .
  active_owner: .
  content_hash: sha256:761164e2a76e9120c72d3568dcf819fd6f834bcaa6c87a29daa3ce1f7aba76f8
- kind: project-relative
  target: claude
  value: .claude/skills/kw-wiki-index
  runtime: null
  scope: project
  owners:
  - .
  active_owner: .
  content_hash: null
- kind: project-relative
  target: claude
  value: .claude/skills/kw-wiki-index/SKILL.md
  runtime: null
  scope: project
  owners:
  - .
  active_owner: .
  content_hash: sha256:091efd6121ed88ea5569c2e38f7fb5470f74f1fb8a871993b82ce525f93b5df2
- kind: project-relative
  target: claude
  value: .claude/skills/kw-wiki-ingest
  runtime: null
  scope: project
  owners:
  - .
  active_owner: .
  content_hash: null
- kind: project-relative
  target: claude
  value: .claude/skills/kw-wiki-ingest/SKILL.md
  runtime: null
  scope: project
  owners:
  - .
  active_owner: .
  content_hash: sha256:7b830fbb92a6d662d4b1f65aee053002f6afb1819b8b035e371cfbbf3293c8a0
- kind: project-relative
  target: claude
  value: .claude/skills/kw-wiki-init
  runtime: null
  scope: project
  owners:
  - .
  active_owner: .
  content_hash: null
- kind: project-relative
  target: claude
  value: .claude/skills/kw-wiki-init/SKILL.md
  runtime: null
  scope: project
  owners:
  - .
  active_owner: .
  content_hash: sha256:14f6408bada50ce16203b58c6a546fdfad78d93c246d3719648feb81639807a4
- kind: project-relative
  target: claude
  value: .claude/skills/kw-wiki-lint
  runtime: null
  scope: project
  owners:
  - .
  active_owner: .
  content_hash: null
- kind: project-relative
  target: claude
  value: .claude/skills/kw-wiki-lint/SKILL.md
  runtime: null
  scope: project
  owners:
  - .
  active_owner: .
  content_hash: sha256:4f21164a0eee338f77622d869e5d2018b1a297db7b6c75cff4e512e14cf7ce86
- kind: project-relative
  target: claude
  value: .claude/skills/kw-wiki-log
  runtime: null
  scope: project
  owners:
  - .
  active_owner: .
  content_hash: null
- kind: project-relative
  target: claude
  value: .claude/skills/kw-wiki-log/SKILL.md
  runtime: null
  scope: project
  owners:
  - .
  active_owner: .
  content_hash: sha256:92672978fb7a84392b30255158f875cdd43fb8b97bbd160f7867eb15bc79729c
- kind: project-relative
  target: claude
  value: .claude/skills/kw-wiki-query
  runtime: null
  scope: project
  owners:
  - .
  active_owner: .
  content_hash: null
- kind: project-relative
  target: claude
  value: .claude/skills/kw-wiki-query/SKILL.md
  runtime: null
  scope: project
  owners:
  - .
  active_owner: .
  content_hash: sha256:9bbf54830e9da26f714d97785852ea4803b56330070b4a6247b71d6a03913325
- kind: project-relative
  target: claude
  value: .claude/skills/okf-bundle-create
  runtime: null
  scope: project
  owners:
  - ../open-knowledge-format
  active_owner: ../open-knowledge-format
  content_hash: null
- kind: project-relative
  target: claude
  value: .claude/skills/okf-bundle-create/SKILL.md
  runtime: null
  scope: project
  owners:
  - ../open-knowledge-format
  active_owner: ../open-knowledge-format
  content_hash: sha256:2d36082526d70abcf74687cebcc2edcf493be3b4fa9d5ee539ada07a85099f26
- kind: project-relative
  target: claude
  value: .claude/skills/okf-bundle-validate
  runtime: null
  scope: project
  owners:
  - ../open-knowledge-format
  active_owner: ../open-knowledge-format
  content_hash: null
- kind: project-relative
  target: claude
  value: .claude/skills/okf-bundle-validate/SKILL.md
  runtime: null
  scope: project
  owners:
  - ../open-knowledge-format
  active_owner: ../open-knowledge-format
  content_hash: sha256:d901db825857529906a0e9701bf9afb0dc14b796b5f70860233658fc3c5905dc
- kind: project-relative
  target: claude
  value: .claude/skills/okf-bundle-validate/okf_validator.py
  runtime: null
  scope: project
  owners:
  - ../open-knowledge-format
  active_owner: ../open-knowledge-format
  content_hash: sha256:574a0c5018a02c8f27253e65bdc14bec5bcc816ac5b6e8e7188386fd41425238
- kind: project-relative
  target: claude
  value: .claude/skills/okf-import
  runtime: null
  scope: project
  owners:
  - ../open-knowledge-format
  active_owner: ../open-knowledge-format
  content_hash: null
- kind: project-relative
  target: claude
  value: .claude/skills/okf-import/SKILL.md
  runtime: null
  scope: project
  owners:
  - ../open-knowledge-format
  active_owner: ../open-knowledge-format
  content_hash: sha256:6216ee4e2c78893c1580fae80268602b05b01caefd8194f68953a4d361808d60
local_deployed_files:
- .agents/skills/kw-wiki-archive
- .agents/skills/kw-wiki-archive/SKILL.md
- .agents/skills/kw-wiki-index
- .agents/skills/kw-wiki-index/SKILL.md
- .agents/skills/kw-wiki-ingest
- .agents/skills/kw-wiki-ingest/SKILL.md
- .agents/skills/kw-wiki-init
- .agents/skills/kw-wiki-init/SKILL.md
- .agents/skills/kw-wiki-lint
- .agents/skills/kw-wiki-lint/SKILL.md
- .agents/skills/kw-wiki-log
- .agents/skills/kw-wiki-log/SKILL.md
- .agents/skills/kw-wiki-query
- .agents/skills/kw-wiki-query/SKILL.md
- .claude/skills/kw-wiki-archive
- .claude/skills/kw-wiki-archive/SKILL.md
- .claude/skills/kw-wiki-index
- .claude/skills/kw-wiki-index/SKILL.md
- .claude/skills/kw-wiki-ingest
- .claude/skills/kw-wiki-ingest/SKILL.md
- .claude/skills/kw-wiki-init
- .claude/skills/kw-wiki-init/SKILL.md
- .claude/skills/kw-wiki-lint
- .claude/skills/kw-wiki-lint/SKILL.md
- .claude/skills/kw-wiki-log
- .claude/skills/kw-wiki-log/SKILL.md
- .claude/skills/kw-wiki-query
- .claude/skills/kw-wiki-query/SKILL.md
local_deployed_file_hashes:
  .agents/skills/kw-wiki-archive/SKILL.md: sha256:761164e2a76e9120c72d3568dcf819fd6f834bcaa6c87a29daa3ce1f7aba76f8
  .agents/skills/kw-wiki-index/SKILL.md: sha256:091efd6121ed88ea5569c2e38f7fb5470f74f1fb8a871993b82ce525f93b5df2
  .agents/skills/kw-wiki-ingest/SKILL.md: sha256:7b830fbb92a6d662d4b1f65aee053002f6afb1819b8b035e371cfbbf3293c8a0
  .agents/skills/kw-wiki-init/SKILL.md: sha256:14f6408bada50ce16203b58c6a546fdfad78d93c246d3719648feb81639807a4
  .agents/skills/kw-wiki-lint/SKILL.md: sha256:4f21164a0eee338f77622d869e5d2018b1a297db7b6c75cff4e512e14cf7ce86
  .agents/skills/kw-wiki-log/SKILL.md: sha256:92672978fb7a84392b30255158f875cdd43fb8b97bbd160f7867eb15bc79729c
  .agents/skills/kw-wiki-query/SKILL.md: sha256:9bbf54830e9da26f714d97785852ea4803b56330070b4a6247b71d6a03913325
  .claude/skills/kw-wiki-archive/SKILL.md: sha256:761164e2a76e9120c72d3568dcf819fd6f834bcaa6c87a29daa3ce1f7aba76f8
  .claude/skills/kw-wiki-index/SKILL.md: sha256:091efd6121ed88ea5569c2e38f7fb5470f74f1fb8a871993b82ce525f93b5df2
  .claude/skills/kw-wiki-ingest/SKILL.md: sha256:7b830fbb92a6d662d4b1f65aee053002f6afb1819b8b035e371cfbbf3293c8a0
  .claude/skills/kw-wiki-init/SKILL.md: sha256:14f6408bada50ce16203b58c6a546fdfad78d93c246d3719648feb81639807a4
  .claude/skills/kw-wiki-lint/SKILL.md: sha256:4f21164a0eee338f77622d869e5d2018b1a297db7b6c75cff4e512e14cf7ce86
  .claude/skills/kw-wiki-log/SKILL.md: sha256:92672978fb7a84392b30255158f875cdd43fb8b97bbd160f7867eb15bc79729c
  .claude/skills/kw-wiki-query/SKILL.md: sha256:9bbf54830e9da26f714d97785852ea4803b56330070b4a6247b71d6a03913325
